
Microsoft Visual Studio Solution File, Format Version 12.00
# Visual Studio Version 17
VisualStudioVersion = 17.5.33530.505
MinimumVisualStudioVersion = 10.0.40219.1
Project("{FAE04EC0-301F-11D3-BF4B-00C04F79EFBC}") = "KtGitHub", "KtGitHub.csproj", "{2C099217-648B-4BA3-8A6C-793F2C6CB0A5}"
EndProject
Global
	GlobalSection(SolutionConfigurationPlatforms) = preSolution
		Debug|Any CPU = Debug|Any CPU
		Release|Any CPU = Release|Any CPU
	EndGlobalSection
	GlobalSection(ProjectConfigurationPlatforms) = postSolution
		{2C099217-648B-4BA3-8A6C-793F2C6CB0A5}.Debug|Any CPU.ActiveCfg = Debug|Any CPU
		{2C099217-648B-4BA3-8A6C-793F2C6CB0A5}.Debug|Any CPU.Build.0 = Debug|Any CPU
		{2C099217-648B-4BA3-8A6C-793F2C6CB0A5}.Release|Any CPU.ActiveCfg = Release|Any CPU
		{2C099217-648B-4BA3-8A6C-793F2C6CB0A5}.Release|Any CPU.Build.0 = Release|Any CPU
	EndGlobalSection
	GlobalSection(SolutionProperties) = preSolution
		HideSolutionNode = FALSE
	EndGlobalSection
	GlobalSection(ExtensibilityGlobals) = postSolution
		SolutionGuid = {1C3A63DB-0095-44E4-AF6F-119B0A83DC7F}
	EndGlobalSection
EndGlobal
